
Microsoft Visual Studio Solution File, Format Version 12.00
# Visual Studio Version 17
VisualStudioVersion = 17.12.35728.132 d17.12
MinimumVisualStudioVersion = 10.0.40219.1
Project("{FAE04EC0-301F-11D3-BF4B-00C04F79EFBC}") = "selenium-test-app", "selenium-test-app\selenium-test-app.csproj", "{FE6A0B61-5293-4996-9BBF-A120F3B5739C}"
EndProject
Global
	GlobalSection(SolutionConfigurationPlatforms) = preSolution
		Debug|Any CPU = Debug|Any CPU
		Release|Any CPU = Release|Any CPU
	EndGlobalSection
	GlobalSection(ProjectConfigurationPlatforms) = postSolution
		{FE6A0B61-5293-4996-9BBF-A120F3B5739C}.Debug|Any CPU.ActiveCfg = Debug|Any CPU
		{FE6A0B61-5293-4996-9BBF-A120F3B5739C}.Debug|Any CPU.Build.0 = Debug|Any CPU
		{FE6A0B61-5293-4996-9BBF-A120F3B5739C}.Release|Any CPU.ActiveCfg = Release|Any CPU
		{FE6A0B61-5293-4996-9BBF-A120F3B5739C}.Release|Any CPU.Build.0 = Release|Any CPU
	EndGlobalSection
	GlobalSection(SolutionProperties) = preSolution
		HideSolutionNode = FALSE
	EndGlobalSection
EndGlobal
